
Microsoft Visual Studio Solution File, Format Version 12.00
# Visual Studio Version 17
VisualStudioVersion = 17.0.31903.59
MinimumVisualStudioVersion = 10.0.40219.1
Project("{9A19103F-16F7-4668-BE54-9A1E7A4F7556}") = "ARCLManager", "ARCLManager\ARCLManager.csproj", "{1C345F82-BF98-4452-87A2-0EC1C5EC5B5B}"
EndProject
Project("{9A19103F-16F7-4668-BE54-9A1E7A4F7556}") = "AsyncSocket", "..\AsyncSocket\AsyncSocket.csproj", "{F8FB5CC4-1EFC-4AD2-A6BC-DF179DF906D3}"
EndProject
Global
	GlobalSection(SolutionConfigurationPlatforms) = preSolution
		Debug|Any CPU = Debug|Any CPU
		Debug|x64 = Debug|x64
		Release|Any CPU = Release|Any CPU
		Release|x64 = Release|x64
	EndGlobalSection
	GlobalSection(ProjectConfigurationPlatforms) = postSolution
		{1C345F82-BF98-4452-87A2-0EC1C5EC5B5B}.Debug|Any CPU.ActiveCfg = Debug|Any CPU
		{1C345F82-BF98-4452-87A2-0EC1C5EC5B5B}.Debug|Any CPU.Build.0 = Debug|Any CPU
		{1C345F82-BF98-4452-87A2-0EC1C5EC5B5B}.Debug|x64.ActiveCfg = Debug|Any CPU
		{1C345F82-BF98-4452-87A2-0EC1C5EC5B5B}.Debug|x64.Build.0 = Debug|Any CPU
		{1C345F82-BF98-4452-87A2-0EC1C5EC5B5B}.Release|Any CPU.ActiveCfg = Release|Any CPU
		{1C345F82-BF98-4452-87A2-0EC1C5EC5B5B}.Release|Any CPU.Build.0 = Release|Any CPU
		{1C345F82-BF98-4452-87A2-0EC1C5EC5B5B}.Release|x64.ActiveCfg = Release|Any CPU
		{1C345F82-BF98-4452-87A2-0EC1C5EC5B5B}.Release|x64.Build.0 = Release|Any CPU
		{F8FB5CC4-1EFC-4AD2-A6BC-DF179DF906D3}.Debug|Any CPU.ActiveCfg = Debug|Any CPU
		{F8FB5CC4-1EFC-4AD2-A6BC-DF179DF906D3}.Debug|Any CPU.Build.0 = Debug|Any CPU
		{F8FB5CC4-1EFC-4AD2-A6BC-DF179DF906D3}.Debug|x64.ActiveCfg = Debug|Any CPU
		{F8FB5CC4-1EFC-4AD2-A6BC-DF179DF906D3}.Debug|x64.Build.0 = Debug|Any CPU
		{F8FB5CC4-1EFC-4AD2-A6BC-DF179DF906D3}.Release|Any CPU.ActiveCfg = Release|Any CPU
		{F8FB5CC4-1EFC-4AD2-A6BC-DF179DF906D3}.Release|Any CPU.Build.0 = Release|Any CPU
		{F8FB5CC4-1EFC-4AD2-A6BC-DF179DF906D3}.Release|x64.ActiveCfg = Release|Any CPU
		{F8FB5CC4-1EFC-4AD2-A6BC-DF179DF906D3}.Release|x64.Build.0 = Release|Any CPU
	EndGlobalSection
	GlobalSection(SolutionProperties) = preSolution
		HideSolutionNode = FALSE
	EndGlobalSection
	GlobalSection(ExtensibilityGlobals) = postSolution
		SolutionGuid = {786D47C7-B520-4C09-BEF8-CFE21B09BD0B}
	EndGlobalSection
EndGlobal
